// !$*UTF8*$!
{
	archiveVersion = 1;
	classes = {
	};
	objectVersion = 48;
	objects = {

/* Begin PBXBuildFile section */
		A79B3FD91FE945F900AB2E96 /* AppDelegate.swift in Sources */ = {isa = PBXBuildFile; fileRef = A79B3FD81FE945F900AB2E96 /* AppDelegate.swift */; };
		A79B3FDB1FE945F900AB2E96 /* ViewController.swift in Sources */ = {isa = PBXBuildFile; fileRef = A79B3FDA1FE945F900AB2E96 /* ViewController.swift */; };
		A79B3FDD1FE945F900AB2E96 /* Assets.xcassets in Resources */ = {isa = PBXBuildFile; fileRef = A79B3FDC1FE945F900AB2E96 /* Assets.xcassets */; };
		A79B3FE01FE945F900AB2E96 /* Main.storyboard in Resources */ = {isa = PBXBuildFile; fileRef = A79B3FDE1FE945F900AB2E96 /* Main.storyboard */; };
/* End PBXBuildFile section */

/* Begin PBXFileReference section */
		A79B3FD51FE945F900AB2E96 /* SwiftRichString_MallocBug.app */ = {isa = PBXFileReference; explicitFileType = wrapper.application; includeInIndex = 0; path = SwiftRichString_MallocBug.app; sourceTree = BUILT_PRODUCTS_DIR; };
		A79B3FD81FE945F900AB2E96 /* AppDelegate.swift */ = {isa = PBXFileReference; lastKnownFileType = sourcecode.swift; path = AppDelegate.swift; sourceTree = "<group>"; };
		A79B3FDA1FE945F900AB2E96 /* ViewController.swift */ = {isa = PBXFileReference; lastKnownFileType = sourcecode.swift; path = ViewController.swift; sourceTree = "<group>"; };
		A79B3FDC1FE945F900AB2E96 /* Assets.xcassets */ = {isa = PBXFileReference; lastKnownFileType = folder.assetcatalog; path = Assets.xcassets; sourceTree = "<group>"; };
		A79B3FDF1FE945F900AB2E96 /* Base */ = {isa = PBXFileReference; lastKnownFileType = file.storyboard; name = Base; path = Base.lproj/Main.storyboard; sourceTree = "<group>"; };
		A79B3FE11FE945F900AB2E96 /* Info.plist */ = {isa = PBXFileReference; lastKnownFileType = text.plist.xml; path = Info.plist; sourceTree = "<group>"; };
		A79B3FE21FE945F900AB2E96 /* SwiftRichString_MallocBug.entitlements */ = {isa = PBXFileReference; lastKnownFileType = text.plist.entitlements; path = SwiftRichString_MallocBug.entitlements; sourceTree = "<group>"; };
/* End PBXFileReference section */

/* Begin PBXFrameworksBuildPhase section */
		A79B3FD21FE945F900AB2E96 /* Frameworks */ = {
			isa = PBXFrameworksBuildPhase;
			buildActionMask = 2147483647;
			files = (
			);
			runOnlyForDeploymentPostprocessing = 0;
		};
/* End PBXFrameworksBuildPhase section */

/* Begin PBXGroup section */
		A79B3FCC1FE945F900AB2E96 = {
			isa = PBXGroup;
			children = (
				A79B3FD71FE945F900AB2E96 /* SwiftRichString_MallocBug */,
				A79B3FD61FE945F900AB2E96 /* Products */,
			);
			sourceTree = "<group>";
		};
		A79B3FD61FE945F900AB2E96 /* Products */ = {
			isa = PBXGroup;
			children = (
				A79B3FD51FE945F900AB2E96 /* SwiftRichString_MallocBug.app */,
			);
			name = Products;
			sourceTree = "<group>";
		};
		A79B3FD71FE945F900AB2E96 /* SwiftRichString_MallocBug */ = {
			isa = PBXGroup;
			children = (
				A79B3FD81FE945F900AB2E96 /* AppDelegate.swift */,
				A79B3FDA1FE945F900AB2E96 /* ViewController.swift */,
				A79B3FDC1FE945F900AB2E96 /* Assets.xcassets */,
				A79B3FDE1FE945F900AB2E96 /* Main.storyboard */,
				A79B3FE11FE945F900AB2E96 /* Info.plist */,
				A79B3FE21FE945F900AB2E96 /* SwiftRichString_MallocBug.entitlements */,
			);
			path = SwiftRichString_MallocBug;
			sourceTree = "<group>";
		};
/* End PBXGroup section */

/* Begin PBXNativeTarget section */
		A79B3FD41FE945F900AB2E96 /* SwiftRichString_MallocBug */ = {
			isa = PBXNativeTarget;
			buildConfigurationList = A79B3FE51FE945F900AB2E96 /* Build configuration list for PBXNativeTarget "SwiftRichString_MallocBug" */;
			buildPhases = (
				A79B3FD11FE945F900AB2E96 /* Sources */,
				A79B3FD21FE945F900AB2E96 /* Frameworks */,
				A79B3FD31FE945F900AB2E96 /* Resources */,
			);
			buildRules = (
			);
			dependencies = (
			);
			name = SwiftRichString_MallocBug;
			productName = SwiftRichString_MallocBug;
			productReference = A79B3FD51FE945F900AB2E96 /* SwiftRichString_MallocBug.app */;
			productType = "com.apple.product-type.application";
		};
/* End PBXNativeTarget section */

/* Begin PBXProject section */
		A79B3FCD1FE945F900AB2E96 /* Project object */ = {
			isa = PBXProject;
			attributes = {
				LastSwiftUpdateCheck = 0920;
				LastUpgradeCheck = 0920;
				ORGANIZATIONNAME = "Scott Carter";
				TargetAttributes = {
					A79B3FD41FE945F900AB2E96 = {
						CreatedOnToolsVersion = 9.2;
						ProvisioningStyle = Automatic;
					};
				};
			};
			buildConfigurationList = A79B3FD01FE945F900AB2E96 /* Build configuration list for PBXProject "SwiftRichString_MallocBug" */;
			compatibilityVersion = "Xcode 8.0";
			developmentRegion = en;
			hasScannedForEncodings = 0;
			knownRegions = (
				en,
				Base,
			);
			mainGroup = A79B3FCC1FE945F900AB2E96;
			productRefGroup = A79B3FD61FE945F900AB2E96 /* Products */;
			projectDirPath = "";
			projectRoot = "";
			targets = (
				A79B3FD41FE945F900AB2E96 /* SwiftRichString_MallocBug */,
			);
		};
/* End PBXProject section */

/* Begin PBXResourcesBuildPhase section */
		A79B3FD31FE945F900AB2E96 /* Resources */ = {
			isa = PBXResourcesBuildPhase;
			buildActionMask = 2147483647;
			files = (
				A79B3FDD1FE945F900AB2E96 /* Assets.xcassets in Resources */,
				A79B3FE01FE945F900AB2E96 /* Main.storyboard in Resources */,
			);
			runOnlyForDeploymentPostprocessing = 0;
		};
/* End PBXResourcesBuildPhase section */

/* Begin PBXSourcesBuildPhase section */
		A79B3FD11FE945F900AB2E96 /* Sources */ = {
			isa = PBXSourcesBuildPhase;
			buildActionMask = 2147483647;
			files = (
				A79B3FDB1FE945F900AB2E96 /* ViewController.swift in Sources */,
				A79B3FD91FE945F900AB2E96 /* AppDelegate.swift in Sources */,
			);
			runOnlyForDeploymentPostprocessing = 0;
		};
/* End PBXSourcesBuildPhase section */

/* Begin PBXVariantGroup section */
		A79B3FDE1FE945F900AB2E96 /* Main.storyboard */ = {
			isa = PBXVariantGroup;
			children = (
				A79B3FDF1FE945F900AB2E96 /* Base */,
			);
			name = Main.storyboard;
			sourceTree = "<group>";
		};
/* End PBXVariantGroup section */

/* Begin XCBuildConfiguration section */
		A79B3FE31FE945F900AB2E96 /* Debug */ = {
			isa = XCBuildConfiguration;
			buildSettings = {
				ALWAYS_SEARCH_USER_PATHS = NO;
				CLANG_ANALYZER_NONNULL = YES;
				CLANG_ANALYZER_NUMBER_OBJECT_CONVERSION = YES_AGGRESSIVE;
				CLANG_CXX_LANGUAGE_STANDARD = "gnu++14";
				CLANG_CXX_LIBRARY = "libc++";
				CLANG_ENABLE_MODULES = YES;
				CLANG_ENABLE_OBJC_ARC = YES;
				CLANG_WARN_BLOCK_CAPTURE_AUTORELEASING = YES;
				CLANG_WARN_BOOL_CONVERSION = YES;
				CLANG_WARN_COMMA = YES;
				CLANG_WARN_CONSTANT_CONVERSION = YES;
				CLANG_WARN_DIRECT_OBJC_ISA_USAGE = YES_ERROR;
				CLANG_WARN_DOCUMENTATION_COMMENTS = YES;
				CLANG_WARN_EMPTY_BODY = YES;
				CLANG_WARN_ENUM_CONVERSION = YES;
				CLANG_WARN_INFINITE_RECURSION = YES;
				CLANG_WARN_INT_CONVERSION = YES;
				CLANG_WARN_NON_LITERAL_NULL_CONVERSION = YES;
				CLANG_WARN_OBJC_LITERAL_CONVERSION = YES;
				CLANG_WARN_OBJC_ROOT_CLASS = YES_ERROR;
				CLANG_WARN_RANGE_LOOP_ANALYSIS = YES;
				CLANG_WARN_STRICT_PROTOTYPES = YES;
				CLANG_WARN_SUSPICIOUS_MOVE = YES;
				CLANG_WARN_UNGUARDED_AVAILABILITY = YES_AGGRESSIVE;
				CLANG_WARN_UNREACHABLE_CODE = YES;
				CLANG_WARN__DUPLICATE_METHOD_MATCH = YES;
				CODE_SIGN_IDENTITY = "Mac Developer";
				COPY_PHASE_STRIP = NO;
				DEBUG_INFORMATION_FORMAT = dwarf;
				ENABLE_STRICT_OBJC_MSGSEND = YES;
				ENABLE_TESTABILITY = YES;
				GCC_C_LANGUAGE_STANDARD = gnu11;
				GCC_DYNAMIC_NO_PIC = NO;
				GCC_NO_COMMON_BLOCKS = YES;
				GCC_OPTIMIZATION_LEVEL = 0;
				GCC_PREPROCESSOR_DEFINITIONS = (
					"DEBUG=1",
					"$(inherited)",
				);
				GCC_WARN_64_TO_32_BIT_CONVERSION = YES;
				GCC_WARN_ABOUT_RETURN_TYPE = YES_ERROR;
				GCC_WARN_UNDECLARED_SELECTOR = YES;
				GCC_WARN_UNINITIALIZED_AUTOS = YES_AGGRESSIVE;
				GCC_WARN_UNUSED_FUNCTION = YES;
				GCC_WARN_UNUSED_VARIABLE = YES;
				MACOSX_DEPLOYMENT_TARGET = 10.12;
				MTL_ENABLE_DEBUG_INFO = YES;
				ONLY_ACTIVE_ARCH = YES;
				SDKROOT = macosx;
				SWIFT_ACTIVE_COMPILATION_CONDITIONS = DEBUG;
				SWIFT_OPTIMIZATION_LEVEL = "-Onone";
			};
			name = Debug;
		};
		A79B3FE41FE945F900AB2E96 /* Release */ = {
			isa = XCBuildConfiguration;
			buildSettings = {
				ALWAYS_SEARCH_USER_PATHS = NO;
				CLANG_ANALYZER_NONNULL = YES;
				CLANG_ANALYZER_NUMBER_OBJECT_CONVERSION = YES_AGGRESSIVE;
				CLANG_CXX_LANGUAGE_STANDARD = "gnu++14";
				CLANG_CXX_LIBRARY = "libc++";
				CLANG_ENABLE_MODULES = YES;
				CLANG_ENABLE_OBJC_ARC = YES;
				CLANG_WARN_BLOCK_CAPTURE_AUTORELEASING = YES;
				CLANG_WARN_BOOL_CONVERSION = YES;
				CLANG_WARN_COMMA = YES;
				CLANG_WARN_CONSTANT_CONVERSION = YES;
				CLANG_WARN_DIRECT_OBJC_ISA_USAGE = YES_ERROR;
				CLANG_WARN_DOCUMENTATION_COMMENTS = YES;
				CLANG_WARN_EMPTY_BODY = YES;
				CLANG_WARN_ENUM_CONVERSION = YES;
				CLANG_WARN_INFINITE_RECURSION = YES;
				CLANG_WARN_INT_CONVERSION = YES;
				CLANG_WARN_NON_LITERAL_NULL_CONVERSION = YES;
				CLANG_WARN_OBJC_LITERAL_CONVERSION = YES;
				CLANG_WARN_OBJC_ROOT_CLASS = YES_ERROR;
				CLANG_WARN_RANGE_LOOP_ANALYSIS = YES;
				CLANG_WARN_STRICT_PROTOTYPES = YES;
				CLANG_WARN_SUSPICIOUS_MOVE = YES;
				CLANG_WARN_UNGUARDED_AVAILABILITY = YES_AGGRESSIVE;
				CLANG_WARN_UNREACHABLE_CODE = YES;
				CLANG_WARN__DUPLICATE_METHOD_MATCH = YES;
				CODE_SIGN_IDENTITY = "Mac Developer";
				COPY_PHASE_STRIP = NO;
				DEBUG_INFORMATION_FORMAT = "dwarf-with-dsym";
				ENABLE_NS_ASSERTIONS = NO;
				ENABLE_STRICT_OBJC_MSGSEND = YES;
				GCC_C_LANGUAGE_STANDARD = gnu11;
				GCC_NO_COMMON_BLOCKS = YES;
				GCC_WARN_64_TO_32_BIT_CONVERSION = YES;
				GCC_WARN_ABOUT_RETURN_TYPE = YES_ERROR;
				GCC_WARN_UNDECLARED_SELECTOR = YES;
				GCC_WARN_UNINITIALIZED_AUTOS = YES_AGGRESSIVE;
				GCC_WARN_UNUSED_FUNCTION = YES;
				GCC_WARN_UNUSED_VARIABLE = YES;
				MACOSX_DEPLOYMENT_TARGET = 10.12;
				MTL_ENABLE_DEBUG_INFO = NO;
				SDKROOT = macosx;
				SWIFT_OPTIMIZATION_LEVEL = "-Owholemodule";
			};
			name = Release;
		};
		A79B3FE61FE945F900AB2E96 /* Debug */ = {
			isa = XCBuildConfiguration;
			buildSettings = {
				ASSETCATALOG_COMPILER_APPICON_NAME = AppIcon;
				CODE_SIGN_ENTITLEMENTS = SwiftRichString_MallocBug/SwiftRichString_MallocBug.entitlements;
				CODE_SIGN_STYLE = Automatic;
				COMBINE_HIDPI_IMAGES = YES;
				DEVELOPMENT_TEAM = 5L9YN3UDG5;
				INFOPLIST_FILE = SwiftRichString_MallocBug/Info.plist;
				LD_RUNPATH_SEARCH_PATHS = "$(inherited) @executable_path/../Frameworks";
				PRODUCT_BUNDLE_IDENTIFIER = "com.scarter.SwiftRichString-MallocBug";
				PRODUCT_NAME = "$(TARGET_NAME)";
				SWIFT_VERSION = 4.0;
			};
			name = Debug;
		};
		A79B3FE71FE945F900AB2E96 /* Release */ = {
			isa = XCBuildConfiguration;
			buildSettings = {
				ASSETCATALOG_COMPILER_APPICON_NAME = AppIcon;
				CODE_SIGN_ENTITLEMENTS = SwiftRichString_MallocBug/SwiftRichString_MallocBug.entitlements;
				CODE_SIGN_STYLE = Automatic;
				COMBINE_HIDPI_IMAGES = YES;
				DEVELOPMENT_TEAM = 5L9YN3UDG5;
				INFOPLIST_FILE = SwiftRichString_MallocBug/Info.plist;
				LD_RUNPATH_SEARCH_PATHS = "$(inherited) @executable_path/../Frameworks";
				PRODUCT_BUNDLE_IDENTIFIER = "com.scarter.SwiftRichString-MallocBug";
				PRODUCT_NAME = "$(TARGET_NAME)";
				SWIFT_VERSION = 4.0;
			};
			name = Release;
		};
/* End XCBuildConfiguration section */

/* Begin XCConfigurationList section */
		A79B3FD01FE945F900AB2E96 /* Build configuration list for PBXProject "SwiftRichString_MallocBug" */ = {
			isa = XCConfigurationList;
			buildConfigurations = (
				A79B3FE31FE945F900AB2E96 /* Debug */,
				A79B3FE41FE945F900AB2E96 /* Release */,
			);
			defaultConfigurationIsVisible = 0;
			defaultConfigurationName = Release;
		};
		A79B3FE51FE945F900AB2E96 /* Build configuration list for PBXNativeTarget "SwiftRichString_MallocBug" */ = {
			isa = XCConfigurationList;
			buildConfigurations = (
				A79B3FE61FE945F900AB2E96 /* Debug */,
				A79B3FE71FE945F900AB2E96 /* Release */,
			);
			defaultConfigurationIsVisible = 0;
			defaultConfigurationName = Release;
		};
/* End XCConfigurationList section */
	};
	rootObject = A79B3FCD1FE945F900AB2E96 /* Project object */;
}
